
Microsoft Visual Studio Solution File, Format Version 12.00
# Visual Studio Version 17
VisualStudioVersion = 17.5.002.0
MinimumVisualStudioVersion = 10.0.40219.1
Project("{9A19103F-16F7-4668-BE54-9A1E7A4F7556}") = "Exercicio Arvores", "Exercicio Arvores.csproj", "{E9663862-9625-4849-B4BE-C1A7EA1831B2}"
EndProject
Global
	GlobalSection(SolutionConfigurationPlatforms) = preSolution
		Debug|Any CPU = Debug|Any CPU
		Release|Any CPU = Release|Any CPU
	EndGlobalSection
	GlobalSection(ProjectConfigurationPlatforms) = postSolution
		{E9663862-9625-4849-B4BE-C1A7EA1831B2}.Debug|Any CPU.ActiveCfg = Debug|Any CPU
		{E9663862-9625-4849-B4BE-C1A7EA1831B2}.Debug|Any CPU.Build.0 = Debug|Any CPU
		{E9663862-9625-4849-B4BE-C1A7EA1831B2}.Release|Any CPU.ActiveCfg = Release|Any CPU
		{E9663862-9625-4849-B4BE-C1A7EA1831B2}.Release|Any CPU.Build.0 = Release|Any CPU
	EndGlobalSection
	GlobalSection(SolutionProperties) = preSolution
		HideSolutionNode = FALSE
	EndGlobalSection
	GlobalSection(ExtensibilityGlobals) = postSolution
		SolutionGuid = {385332E6-CB1A-4AB6-9C75-2F9891BC6B47}
	EndGlobalSection
EndGlobal
