
Microsoft Visual Studio Solution File, Format Version 12.00
# Visual Studio Version 17
VisualStudioVersion = 17.5.002.0
MinimumVisualStudioVersion = 10.0.40219.1
Project("{9A19103F-16F7-4668-BE54-9A1E7A4F7556}") = "LinkedList", "LinkedList.csproj", "{4EA1A5C7-8AD6-47D9-8054-60190DA67F69}"
EndProject
Global
	GlobalSection(SolutionConfigurationPlatforms) = preSolution
		Debug|Any CPU = Debug|Any CPU
		Release|Any CPU = Release|Any CPU
	EndGlobalSection
	GlobalSection(ProjectConfigurationPlatforms) = postSolution
		{4EA1A5C7-8AD6-47D9-8054-60190DA67F69}.Debug|Any CPU.ActiveCfg = Debug|Any CPU
		{4EA1A5C7-8AD6-47D9-8054-60190DA67F69}.Debug|Any CPU.Build.0 = Debug|Any CPU
		{4EA1A5C7-8AD6-47D9-8054-60190DA67F69}.Release|Any CPU.ActiveCfg = Release|Any CPU
		{4EA1A5C7-8AD6-47D9-8054-60190DA67F69}.Release|Any CPU.Build.0 = Release|Any CPU
	EndGlobalSection
	GlobalSection(SolutionProperties) = preSolution
		HideSolutionNode = FALSE
	EndGlobalSection
	GlobalSection(ExtensibilityGlobals) = postSolution
		SolutionGuid = {0CAA57C9-3760-4EEA-B405-F8CBB9922B74}
	EndGlobalSection
EndGlobal
