
Microsoft Visual Studio Solution File, Format Version 12.00
# Visual Studio Version 17
VisualStudioVersion = 17.5.002.0
MinimumVisualStudioVersion = 10.0.40219.1
Project("{9A19103F-16F7-4668-BE54-9A1E7A4F7556}") = "Jogo da velha", "Jogo da velha.csproj", "{1B6468C4-01D5-497A-83B2-0E66854D3142}"
EndProject
Global
	GlobalSection(SolutionConfigurationPlatforms) = preSolution
		Debug|Any CPU = Debug|Any CPU
		Release|Any CPU = Release|Any CPU
	EndGlobalSection
	GlobalSection(ProjectConfigurationPlatforms) = postSolution
		{1B6468C4-01D5-497A-83B2-0E66854D3142}.Debug|Any CPU.ActiveCfg = Debug|Any CPU
		{1B6468C4-01D5-497A-83B2-0E66854D3142}.Debug|Any CPU.Build.0 = Debug|Any CPU
		{1B6468C4-01D5-497A-83B2-0E66854D3142}.Release|Any CPU.ActiveCfg = Release|Any CPU
		{1B6468C4-01D5-497A-83B2-0E66854D3142}.Release|Any CPU.Build.0 = Release|Any CPU
	EndGlobalSection
	GlobalSection(SolutionProperties) = preSolution
		HideSolutionNode = FALSE
	EndGlobalSection
	GlobalSection(ExtensibilityGlobals) = postSolution
		SolutionGuid = {7D37D0FE-F333-477D-BA1C-CEA02CEE1408}
	EndGlobalSection
EndGlobal
